
Microsoft Visual Studio Solution File, Format Version 12.00
# Visual Studio 2012
Project("{FAE04EC0-301F-11D3-BF4B-00C04F79EFBC}") = "Avalon.Auth", "Avalon.Auth\Avalon.Auth.csproj", "{C4762722-4108-400D-8490-F46F85E4C2C8}"
EndProject
Project("{FAE04EC0-301F-11D3-BF4B-00C04F79EFBC}") = "Avalon.World", "Avalon.World\Avalon.World.csproj", "{50BFB154-C46C-4B2D-8ABE-38C2FECFB785}"
EndProject
Project("{2150E333-8FDC-42A3-9474-1A3956D46DE8}") = "Shared", "Shared", "{ACEA13BA-9843-4442-B9A1-B204D2B77E28}"
EndProject
Project("{FAE04EC0-301F-11D3-BF4B-00C04F79EFBC}") = "Avalon.Core", "Avalon.Core\Avalon.Core.csproj", "{3C2097C0-D101-4CAE-A554-FAC2886BC345}"
EndProject
Project("{2150E333-8FDC-42A3-9474-1A3956D46DE8}") = "Tests", "Tests", "{97DB72CD-64B7-442C-8EFC-3C401EB334B4}"
EndProject
Project("{FAE04EC0-301F-11D3-BF4B-00C04F79EFBC}") = "Avalon.ConsoleTests", "Avalon.ConsoleTests\Avalon.ConsoleTests.csproj", "{99E872B3-75AB-4C7E-8582-4751738431C7}"
EndProject
Project("{FAE04EC0-301F-11D3-BF4B-00C04F79EFBC}") = "Avalon.Common", "Avalon.Common\Avalon.Common.csproj", "{422224E6-3660-4617-9FEA-AB1278FA8DCB}"
EndProject
Global
	GlobalSection(SolutionConfigurationPlatforms) = preSolution
		Debug|Any CPU = Debug|Any CPU
		Release|Any CPU = Release|Any CPU
	EndGlobalSection
	GlobalSection(ProjectConfigurationPlatforms) = postSolution
		{C4762722-4108-400D-8490-F46F85E4C2C8}.Debug|Any CPU.ActiveCfg = Debug|Any CPU
		{C4762722-4108-400D-8490-F46F85E4C2C8}.Debug|Any CPU.Build.0 = Debug|Any CPU
		{C4762722-4108-400D-8490-F46F85E4C2C8}.Release|Any CPU.ActiveCfg = Release|Any CPU
		{C4762722-4108-400D-8490-F46F85E4C2C8}.Release|Any CPU.Build.0 = Release|Any CPU
		{50BFB154-C46C-4B2D-8ABE-38C2FECFB785}.Debug|Any CPU.ActiveCfg = Debug|Any CPU
		{50BFB154-C46C-4B2D-8ABE-38C2FECFB785}.Debug|Any CPU.Build.0 = Debug|Any CPU
		{50BFB154-C46C-4B2D-8ABE-38C2FECFB785}.Release|Any CPU.ActiveCfg = Release|Any CPU
		{50BFB154-C46C-4B2D-8ABE-38C2FECFB785}.Release|Any CPU.Build.0 = Release|Any CPU
		{3C2097C0-D101-4CAE-A554-FAC2886BC345}.Debug|Any CPU.ActiveCfg = Debug|Any CPU
		{3C2097C0-D101-4CAE-A554-FAC2886BC345}.Debug|Any CPU.Build.0 = Debug|Any CPU
		{3C2097C0-D101-4CAE-A554-FAC2886BC345}.Release|Any CPU.ActiveCfg = Release|Any CPU
		{3C2097C0-D101-4CAE-A554-FAC2886BC345}.Release|Any CPU.Build.0 = Release|Any CPU
		{99E872B3-75AB-4C7E-8582-4751738431C7}.Debug|Any CPU.ActiveCfg = Debug|Any CPU
		{99E872B3-75AB-4C7E-8582-4751738431C7}.Debug|Any CPU.Build.0 = Debug|Any CPU
		{99E872B3-75AB-4C7E-8582-4751738431C7}.Release|Any CPU.ActiveCfg = Release|Any CPU
		{99E872B3-75AB-4C7E-8582-4751738431C7}.Release|Any CPU.Build.0 = Release|Any CPU
		{422224E6-3660-4617-9FEA-AB1278FA8DCB}.Debug|Any CPU.ActiveCfg = Debug|Any CPU
		{422224E6-3660-4617-9FEA-AB1278FA8DCB}.Debug|Any CPU.Build.0 = Debug|Any CPU
		{422224E6-3660-4617-9FEA-AB1278FA8DCB}.Release|Any CPU.ActiveCfg = Release|Any CPU
		{422224E6-3660-4617-9FEA-AB1278FA8DCB}.Release|Any CPU.Build.0 = Release|Any CPU
	EndGlobalSection
	GlobalSection(NestedProjects) = preSolution
		{3C2097C0-D101-4CAE-A554-FAC2886BC345} = {ACEA13BA-9843-4442-B9A1-B204D2B77E28}
		{99E872B3-75AB-4C7E-8582-4751738431C7} = {97DB72CD-64B7-442C-8EFC-3C401EB334B4}
		{422224E6-3660-4617-9FEA-AB1278FA8DCB} = {ACEA13BA-9843-4442-B9A1-B204D2B77E28}
	EndGlobalSection
EndGlobal
