
Microsoft Visual Studio Solution File, Format Version 12.00
# Visual Studio 15
VisualStudioVersion = 15.0.27004.2009
MinimumVisualStudioVersion = 10.0.40219.1
Project("{2150E333-8FDC-42A3-9474-1A3956D46DE8}") = "Engine", "Engine", "{90047000-6D8D-44F5-A9FF-9E1E7FD68BC2}"
EndProject
Project("{2150E333-8FDC-42A3-9474-1A3956D46DE8}") = "Plattform", "Plattform", "{A3B80485-52A0-44C7-80C9-5714FB944C7E}"
EndProject
Project("{8BC9CEB8-8B4A-11D0-8D11-00A0C91BC942}") = "AvalonPlattform", "AvalonPlattform\AvalonPlattform.vcxproj", "{B571B2E2-EEBB-4F81-925E-8EB3CB3ECFFF}"
	ProjectSection(ProjectDependencies) = postProject
		{461D14B6-C75F-4B29-9081-BA843C19417A} = {461D14B6-C75F-4B29-9081-BA843C19417A}
	EndProjectSection
EndProject
Project("{8BC9CEB8-8B4A-11D0-8D11-00A0C91BC942}") = "AvalonEngine", "AvalonEngine\AvalonEngine.vcxproj", "{461D14B6-C75F-4B29-9081-BA843C19417A}"
EndProject
Project("{2150E333-8FDC-42A3-9474-1A3956D46DE8}") = "Libraries", "Libraries", "{96014CEC-AE98-4805-9FAB-8478CC925344}"
	ProjectSection(SolutionItems) = preProject
		Libraries\openal32.dll = Libraries\openal32.dll
		Libraries\sfml-audio-2.dll = Libraries\sfml-audio-2.dll
		Libraries\sfml-audio-d-2.dll = Libraries\sfml-audio-d-2.dll
		Libraries\sfml-graphics-2.dll = Libraries\sfml-graphics-2.dll
		Libraries\sfml-graphics-d-2.dll = Libraries\sfml-graphics-d-2.dll
		Libraries\sfml-network-2.dll = Libraries\sfml-network-2.dll
		Libraries\sfml-network-d-2.dll = Libraries\sfml-network-d-2.dll
		Libraries\sfml-system-2.dll = Libraries\sfml-system-2.dll
		Libraries\sfml-system-d-2.dll = Libraries\sfml-system-d-2.dll
		Libraries\sfml-window-2.dll = Libraries\sfml-window-2.dll
		Libraries\sfml-window-d-2.dll = Libraries\sfml-window-d-2.dll
	EndProjectSection
EndProject
Project("{2150E333-8FDC-42A3-9474-1A3956D46DE8}") = "Solution Items", "Solution Items", "{E451D124-C74D-4F3C-AD8B-CBE5F2DE3ED3}"
	ProjectSection(SolutionItems) = preProject
		Makefile = Makefile
	EndProjectSection
EndProject
Global
	GlobalSection(SolutionConfigurationPlatforms) = preSolution
		Debug|x64 = Debug|x64
		Release|x64 = Release|x64
	EndGlobalSection
	GlobalSection(ProjectConfigurationPlatforms) = postSolution
		{B571B2E2-EEBB-4F81-925E-8EB3CB3ECFFF}.Debug|x64.ActiveCfg = Debug|x64
		{B571B2E2-EEBB-4F81-925E-8EB3CB3ECFFF}.Debug|x64.Build.0 = Debug|x64
		{B571B2E2-EEBB-4F81-925E-8EB3CB3ECFFF}.Release|x64.ActiveCfg = Release|x64
		{B571B2E2-EEBB-4F81-925E-8EB3CB3ECFFF}.Release|x64.Build.0 = Release|x64
		{461D14B6-C75F-4B29-9081-BA843C19417A}.Debug|x64.ActiveCfg = Debug|x64
		{461D14B6-C75F-4B29-9081-BA843C19417A}.Debug|x64.Build.0 = Debug|x64
		{461D14B6-C75F-4B29-9081-BA843C19417A}.Release|x64.ActiveCfg = Release|x64
		{461D14B6-C75F-4B29-9081-BA843C19417A}.Release|x64.Build.0 = Release|x64
	EndGlobalSection
	GlobalSection(SolutionProperties) = preSolution
		HideSolutionNode = FALSE
	EndGlobalSection
	GlobalSection(NestedProjects) = preSolution
		{B571B2E2-EEBB-4F81-925E-8EB3CB3ECFFF} = {A3B80485-52A0-44C7-80C9-5714FB944C7E}
		{461D14B6-C75F-4B29-9081-BA843C19417A} = {90047000-6D8D-44F5-A9FF-9E1E7FD68BC2}
	EndGlobalSection
	GlobalSection(ExtensibilityGlobals) = postSolution
		SolutionGuid = {EA0532EE-0283-4CFB-8B18-790257B21E9F}
	EndGlobalSection
EndGlobal
