<?xml version="1.0" encoding="utf-8"?>
<Project ToolsVersion="4.0" xmlns="http://schemas.microsoft.com/developer/msbuild/2003">
  <ItemGroup>
    <Filter Include="Avalon">
      <UniqueIdentifier>{06AC0CA8-F24D-377E-DB08-4BD2C749BECE}</UniqueIdentifier>
    </Filter>
    <Filter Include="Avalon\Events">
      <UniqueIdentifier>{2AD59332-9695-0F69-5FD0-58E6CB4F5445}</UniqueIdentifier>
    </Filter>
  </ItemGroup>
  <ItemGroup>
    <ClInclude Include="src\Avalon.h" />
    <ClInclude Include="src\Avalon\Application.h">
      <Filter>Avalon</Filter>
    </ClInclude>
    <ClInclude Include="src\Avalon\Core.h">
      <Filter>Avalon</Filter>
    </ClInclude>
    <ClInclude Include="src\Avalon\EntryPoint.h">
      <Filter>Avalon</Filter>
    </ClInclude>
    <ClInclude Include="src\Avalon\Events\ApplicationEvent.h">
      <Filter>Avalon\Events</Filter>
    </ClInclude>
    <ClInclude Include="src\Avalon\Events\Event.h">
      <Filter>Avalon\Events</Filter>
    </ClInclude>
    <ClInclude Include="src\Avalon\Events\KeyEvent.h">
      <Filter>Avalon\Events</Filter>
    </ClInclude>
    <ClInclude Include="src\Avalon\Events\MouseEvent.h">
      <Filter>Avalon\Events</Filter>
    </ClInclude>
    <ClInclude Include="src\Avalon\Log.h">
      <Filter>Avalon</Filter>
    </ClInclude>
    <ClInclude Include="src\avpch.h" />
  </ItemGroup>
  <ItemGroup>
    <ClCompile Include="src\Avalon\Application.cpp">
      <Filter>Avalon</Filter>
    </ClCompile>
    <ClCompile Include="src\Avalon\Log.cpp">
      <Filter>Avalon</Filter>
    </ClCompile>
    <ClCompile Include="src\avpch.cpp" />
  </ItemGroup>
</Project>