<?xml version="1.0" encoding="utf-8"?>
<Project ToolsVersion="4.0" xmlns="http://schemas.microsoft.com/developer/msbuild/2003">
  <ItemGroup>
    <Filter Include="src">
      <UniqueIdentifier>{2DAB880B-99B4-887C-2230-9F7C8E38947C}</UniqueIdentifier>
    </Filter>
    <Filter Include="src\Avalon">
      <UniqueIdentifier>{3D856B05-293D-AD52-9244-86AE7E1B4843}</UniqueIdentifier>
    </Filter>
    <Filter Include="src\Avalon\Core">
      <UniqueIdentifier>{B5772AF0-2103-98B4-2A14-1BA9961EF4B4}</UniqueIdentifier>
    </Filter>
    <Filter Include="src\Avalon\Debug">
      <UniqueIdentifier>{73C985F5-5FC2-A447-88F4-89CC744C8453}</UniqueIdentifier>
    </Filter>
    <Filter Include="src\Avalon\Events">
      <UniqueIdentifier>{814AC9A9-ED60-C73F-36D8-5261A22D98C7}</UniqueIdentifier>
    </Filter>
    <Filter Include="src\Avalon\ImGui">
      <UniqueIdentifier>{2734E4F5-132D-0348-3C5F-E8CC28B7E253}</UniqueIdentifier>
    </Filter>
    <Filter Include="src\Avalon\Renderer">
      <UniqueIdentifier>{83FD4038-EF5E-1E46-78CC-64F8E42C5505}</UniqueIdentifier>
    </Filter>
    <Filter Include="src\Platform">
      <UniqueIdentifier>{21CA02E5-0D2D-9289-B6B2-CA3FA2F45D0C}</UniqueIdentifier>
    </Filter>
    <Filter Include="src\Platform\OpenGL">
      <UniqueIdentifier>{35A49437-A105-7245-2A73-B8F796D3A804}</UniqueIdentifier>
    </Filter>
    <Filter Include="src\Platform\Windows">
      <UniqueIdentifier>{5B054582-4794-CE4B-F0B2-E246DC20DFF1}</UniqueIdentifier>
    </Filter>
    <Filter Include="vendor">
      <UniqueIdentifier>{B3738122-9F15-ACF8-88D0-BF4C74113349}</UniqueIdentifier>
    </Filter>
    <Filter Include="vendor\stb_image">
      <UniqueIdentifier>{0DA0BA59-F998-D9AB-22CB-BE300E23B9B7}</UniqueIdentifier>
    </Filter>
  </ItemGroup>
  <ItemGroup>
    <ClInclude Include="src\Avalon.h">
      <Filter>src</Filter>
    </ClInclude>
    <ClInclude Include="src\Avalon\Core\Application.h">
      <Filter>src\Avalon\Core</Filter>
    </ClInclude>
    <ClInclude Include="src\Avalon\Core\Assert.h">
      <Filter>src\Avalon\Core</Filter>
    </ClInclude>
    <ClInclude Include="src\Avalon\Core\Base.h">
      <Filter>src\Avalon\Core</Filter>
    </ClInclude>
    <ClInclude Include="src\Avalon\Core\EntryPoint.h">
      <Filter>src\Avalon\Core</Filter>
    </ClInclude>
    <ClInclude Include="src\Avalon\Core\Input.h">
      <Filter>src\Avalon\Core</Filter>
    </ClInclude>
    <ClInclude Include="src\Avalon\Core\KeyCodes.h">
      <Filter>src\Avalon\Core</Filter>
    </ClInclude>
    <ClInclude Include="src\Avalon\Core\Layer.h">
      <Filter>src\Avalon\Core</Filter>
    </ClInclude>
    <ClInclude Include="src\Avalon\Core\LayerStack.h">
      <Filter>src\Avalon\Core</Filter>
    </ClInclude>
    <ClInclude Include="src\Avalon\Core\Log.h">
      <Filter>src\Avalon\Core</Filter>
    </ClInclude>
    <ClInclude Include="src\Avalon\Core\MouseCodes.h">
      <Filter>src\Avalon\Core</Filter>
    </ClInclude>
    <ClInclude Include="src\Avalon\Core\PlatformDetection.h">
      <Filter>src\Avalon\Core</Filter>
    </ClInclude>
    <ClInclude Include="src\Avalon\Core\Timestep.h">
      <Filter>src\Avalon\Core</Filter>
    </ClInclude>
    <ClInclude Include="src\Avalon\Core\Window.h">
      <Filter>src\Avalon\Core</Filter>
    </ClInclude>
    <ClInclude Include="src\Avalon\Debug\Instrumentor.h">
      <Filter>src\Avalon\Debug</Filter>
    </ClInclude>
    <ClInclude Include="src\Avalon\Events\ApplicationEvent.h">
      <Filter>src\Avalon\Events</Filter>
    </ClInclude>
    <ClInclude Include="src\Avalon\Events\Event.h">
      <Filter>src\Avalon\Events</Filter>
    </ClInclude>
    <ClInclude Include="src\Avalon\Events\KeyEvent.h">
      <Filter>src\Avalon\Events</Filter>
    </ClInclude>
    <ClInclude Include="src\Avalon\Events\MouseEvent.h">
      <Filter>src\Avalon\Events</Filter>
    </ClInclude>
    <ClInclude Include="src\Avalon\ImGui\ImGuiLayer.h">
      <Filter>src\Avalon\ImGui</Filter>
    </ClInclude>
    <ClInclude Include="src\Avalon\Renderer\Buffer.h">
      <Filter>src\Avalon\Renderer</Filter>
    </ClInclude>
    <ClInclude Include="src\Avalon\Renderer\Font.h">
      <Filter>src\Avalon\Renderer</Filter>
    </ClInclude>
    <ClInclude Include="src\Avalon\Renderer\FrameBuffer.h">
      <Filter>src\Avalon\Renderer</Filter>
    </ClInclude>
    <ClInclude Include="src\Avalon\Renderer\GraphicsContext.h">
      <Filter>src\Avalon\Renderer</Filter>
    </ClInclude>
    <ClInclude Include="src\Avalon\Renderer\OrthographicCamera.h">
      <Filter>src\Avalon\Renderer</Filter>
    </ClInclude>
    <ClInclude Include="src\Avalon\Renderer\OrthographicCameraController.h">
      <Filter>src\Avalon\Renderer</Filter>
    </ClInclude>
    <ClInclude Include="src\Avalon\Renderer\RenderCommand.h">
      <Filter>src\Avalon\Renderer</Filter>
    </ClInclude>
    <ClInclude Include="src\Avalon\Renderer\Renderer.h">
      <Filter>src\Avalon\Renderer</Filter>
    </ClInclude>
    <ClInclude Include="src\Avalon\Renderer\Renderer2D.h">
      <Filter>src\Avalon\Renderer</Filter>
    </ClInclude>
    <ClInclude Include="src\Avalon\Renderer\RendererAPI.h">
      <Filter>src\Avalon\Renderer</Filter>
    </ClInclude>
    <ClInclude Include="src\Avalon\Renderer\Shader.h">
      <Filter>src\Avalon\Renderer</Filter>
    </ClInclude>
    <ClInclude Include="src\Avalon\Renderer\SubTexture2D.h">
      <Filter>src\Avalon\Renderer</Filter>
    </ClInclude>
    <ClInclude Include="src\Avalon\Renderer\Texture.h">
      <Filter>src\Avalon\Renderer</Filter>
    </ClInclude>
    <ClInclude Include="src\Avalon\Renderer\UniformBuffer.h">
      <Filter>src\Avalon\Renderer</Filter>
    </ClInclude>
    <ClInclude Include="src\Avalon\Renderer\VertexArray.h">
      <Filter>src\Avalon\Renderer</Filter>
    </ClInclude>
    <ClInclude Include="src\Platform\OpenGL\OpenGLBuffer.h">
      <Filter>src\Platform\OpenGL</Filter>
    </ClInclude>
    <ClInclude Include="src\Platform\OpenGL\OpenGLContext.h">
      <Filter>src\Platform\OpenGL</Filter>
    </ClInclude>
    <ClInclude Include="src\Platform\OpenGL\OpenGLFrameBuffer.h">
      <Filter>src\Platform\OpenGL</Filter>
    </ClInclude>
    <ClInclude Include="src\Platform\OpenGL\OpenGLRendererAPI.h">
      <Filter>src\Platform\OpenGL</Filter>
    </ClInclude>
    <ClInclude Include="src\Platform\OpenGL\OpenGLShader.h">
      <Filter>src\Platform\OpenGL</Filter>
    </ClInclude>
    <ClInclude Include="src\Platform\OpenGL\OpenGLTexture.h">
      <Filter>src\Platform\OpenGL</Filter>
    </ClInclude>
    <ClInclude Include="src\Platform\OpenGL\OpenGLUniformBuffer.h">
      <Filter>src\Platform\OpenGL</Filter>
    </ClInclude>
    <ClInclude Include="src\Platform\OpenGL\OpenGLVertexArray.h">
      <Filter>src\Platform\OpenGL</Filter>
    </ClInclude>
    <ClInclude Include="src\Platform\Windows\WindowsWindow.h">
      <Filter>src\Platform\Windows</Filter>
    </ClInclude>
    <ClInclude Include="src\avpch.h">
      <Filter>src</Filter>
    </ClInclude>
    <ClInclude Include="vendor\stb_image\stb_image.h">
      <Filter>vendor\stb_image</Filter>
    </ClInclude>
  </ItemGroup>
  <ItemGroup>
    <ClCompile Include="src\Avalon\Core\Application.cpp">
      <Filter>src\Avalon\Core</Filter>
    </ClCompile>
    <ClCompile Include="src\Avalon\Core\Layer.cpp">
      <Filter>src\Avalon\Core</Filter>
    </ClCompile>
    <ClCompile Include="src\Avalon\Core\LayerStack.cpp">
      <Filter>src\Avalon\Core</Filter>
    </ClCompile>
    <ClCompile Include="src\Avalon\Core\Log.cpp">
      <Filter>src\Avalon\Core</Filter>
    </ClCompile>
    <ClCompile Include="src\Avalon\Core\Window.cpp">
      <Filter>src\Avalon\Core</Filter>
    </ClCompile>
    <ClCompile Include="src\Avalon\ImGui\ImGuiBuild.cpp">
      <Filter>src\Avalon\ImGui</Filter>
    </ClCompile>
    <ClCompile Include="src\Avalon\ImGui\ImGuiLayer.cpp">
      <Filter>src\Avalon\ImGui</Filter>
    </ClCompile>
    <ClCompile Include="src\Avalon\Renderer\Buffer.cpp">
      <Filter>src\Avalon\Renderer</Filter>
    </ClCompile>
    <ClCompile Include="src\Avalon\Renderer\FrameBuffer.cpp">
      <Filter>src\Avalon\Renderer</Filter>
    </ClCompile>
    <ClCompile Include="src\Avalon\Renderer\GraphicsContext.cpp">
      <Filter>src\Avalon\Renderer</Filter>
    </ClCompile>
    <ClCompile Include="src\Avalon\Renderer\OrthographicCamera.cpp">
      <Filter>src\Avalon\Renderer</Filter>
    </ClCompile>
    <ClCompile Include="src\Avalon\Renderer\OrthographicCameraController.cpp">
      <Filter>src\Avalon\Renderer</Filter>
    </ClCompile>
    <ClCompile Include="src\Avalon\Renderer\RenderCommand.cpp">
      <Filter>src\Avalon\Renderer</Filter>
    </ClCompile>
    <ClCompile Include="src\Avalon\Renderer\Renderer.cpp">
      <Filter>src\Avalon\Renderer</Filter>
    </ClCompile>
    <ClCompile Include="src\Avalon\Renderer\Renderer2D.cpp">
      <Filter>src\Avalon\Renderer</Filter>
    </ClCompile>
    <ClCompile Include="src\Avalon\Renderer\RendererAPI.cpp">
      <Filter>src\Avalon\Renderer</Filter>
    </ClCompile>
    <ClCompile Include="src\Avalon\Renderer\Shader.cpp">
      <Filter>src\Avalon\Renderer</Filter>
    </ClCompile>
    <ClCompile Include="src\Avalon\Renderer\SubTexture2D.cpp">
      <Filter>src\Avalon\Renderer</Filter>
    </ClCompile>
    <ClCompile Include="src\Avalon\Renderer\Texture.cpp">
      <Filter>src\Avalon\Renderer</Filter>
    </ClCompile>
    <ClCompile Include="src\Avalon\Renderer\UniformBuffer.cpp">
      <Filter>src\Avalon\Renderer</Filter>
    </ClCompile>
    <ClCompile Include="src\Avalon\Renderer\VertexArray.cpp">
      <Filter>src\Avalon\Renderer</Filter>
    </ClCompile>
    <ClCompile Include="src\Platform\OpenGL\OpenGLBuffer.cpp">
      <Filter>src\Platform\OpenGL</Filter>
    </ClCompile>
    <ClCompile Include="src\Platform\OpenGL\OpenGLContext.cpp">
      <Filter>src\Platform\OpenGL</Filter>
    </ClCompile>
    <ClCompile Include="src\Platform\OpenGL\OpenGLFrameBuffer.cpp">
      <Filter>src\Platform\OpenGL</Filter>
    </ClCompile>
    <ClCompile Include="src\Platform\OpenGL\OpenGLRendererAPI.cpp">
      <Filter>src\Platform\OpenGL</Filter>
    </ClCompile>
    <ClCompile Include="src\Platform\OpenGL\OpenGLShader.cpp">
      <Filter>src\Platform\OpenGL</Filter>
    </ClCompile>
    <ClCompile Include="src\Platform\OpenGL\OpenGLTexture.cpp">
      <Filter>src\Platform\OpenGL</Filter>
    </ClCompile>
    <ClCompile Include="src\Platform\OpenGL\OpenGLUniformBuffer.cpp">
      <Filter>src\Platform\OpenGL</Filter>
    </ClCompile>
    <ClCompile Include="src\Platform\OpenGL\OpenGLVertexArray.cpp">
      <Filter>src\Platform\OpenGL</Filter>
    </ClCompile>
    <ClCompile Include="src\Platform\Windows\WindowsInput.cpp">
      <Filter>src\Platform\Windows</Filter>
    </ClCompile>
    <ClCompile Include="src\Platform\Windows\WindowsWindow.cpp">
      <Filter>src\Platform\Windows</Filter>
    </ClCompile>
    <ClCompile Include="src\avpch.cpp">
      <Filter>src</Filter>
    </ClCompile>
    <ClCompile Include="vendor\stb_image\stb_image.cpp">
      <Filter>vendor\stb_image</Filter>
    </ClCompile>
  </ItemGroup>
</Project>