<?xml version="1.0" encoding="utf-8"?>
<Project ToolsVersion="4.0" xmlns="http://schemas.microsoft.com/developer/msbuild/2003">
  <ItemGroup>
    <ClCompile Include="States\MenuState.cpp" />
    <ClCompile Include="States\GameState.cpp" />
    <ClCompile Include="Entities\Enemy.cpp" />
    <ClCompile Include="Entities\Player.cpp" />
    <ClCompile Include="States\PauseState.cpp" />
    <ClCompile Include="Entities\Bullet.cpp" />
    <ClCompile Include="GameUI\Healthbar.cpp" />
    <ClCompile Include="EngineUI\Button.cpp" />
    <ClCompile Include="EngineUI\Utils\Math.cpp" />
    <ClCompile Include="EngineUI\MouseCursor.cpp" />
    <ClCompile Include="States\State.cpp" />
  </ItemGroup>
  <ItemGroup>
    <ClInclude Include="States\State.hpp" />
    <ClInclude Include="States\MenuState.hpp" />
    <ClInclude Include="States\GameState.hpp" />
    <ClInclude Include="Entities\Class.hpp" />
    <ClInclude Include="Entities\Enemy.hpp" />
    <ClInclude Include="Entities\Player.hpp" />
    <ClInclude Include="States\PauseState.hpp" />
    <ClInclude Include="Entities\Bullet.hpp" />
    <ClInclude Include="GameUI\Healthbar.hpp" />
    <ClInclude Include="EngineUI\Events\MouseEvents.hpp" />
    <ClInclude Include="EngineUI\Button.hpp" />
    <ClInclude Include="EngineUI\UIElement.hpp" />
    <ClInclude Include="EngineUI\Utils\Math.hpp" />
    <ClInclude Include="Generators\EntityGenerator.hpp" />
    <ClInclude Include="Entities\Entity.hpp" />
    <ClInclude Include="EngineUI\MouseCursor.hpp" />
    <ClInclude Include="Extensions\VectorExtensions.hpp" />
    <ClInclude Include="Bus\Subject.hpp" />
  </ItemGroup>
</Project>