<?xml version="1.0" encoding="utf-8"?>
<Project ToolsVersion="4.0" xmlns="http://schemas.microsoft.com/developer/msbuild/2003">
  <ItemGroup>
    <Filter Include="Source Files">
      <UniqueIdentifier>{4FC737F1-C7A5-4376-A066-2A32D752A2FF}</UniqueIdentifier>
      <Extensions>cpp;c;cc;cxx;def;odl;idl;hpj;bat;asm;asmx</Extensions>
    </Filter>
    <Filter Include="Header Files">
      <UniqueIdentifier>{93995380-89BD-4b04-88EB-625FBE52EBFB}</UniqueIdentifier>
      <Extensions>h;hh;hpp;hxx;hm;inl;inc;ipp;xsd</Extensions>
    </Filter>
    <Filter Include="Resource Files">
      <UniqueIdentifier>{67DA6AB6-F800-4c08-8B7A-83BB121AAD01}</UniqueIdentifier>
      <Extensions>rc;ico;cur;bmp;dlg;rc2;rct;bin;rgs;gif;jpg;jpeg;jpe;resx;tiff;tif;png;wav;mfcribbon-ms</Extensions>
    </Filter>
    <Filter Include="Header Files\Audio">
      <UniqueIdentifier>{0fda293f-d9c0-4de9-a194-4cde5bc663c5}</UniqueIdentifier>
    </Filter>
    <Filter Include="Header Files\File">
      <UniqueIdentifier>{eed44f94-fdcf-4f1c-aeb1-4614ea9c0ec4}</UniqueIdentifier>
    </Filter>
    <Filter Include="Source Files\Audio">
      <UniqueIdentifier>{cbeb6b8b-27ee-4cbe-b3f9-01875f7771a1}</UniqueIdentifier>
    </Filter>
    <Filter Include="Source Files\File">
      <UniqueIdentifier>{2b0f1820-df24-4dbc-8dd6-80e7d2ca3bf1}</UniqueIdentifier>
    </Filter>
    <Filter Include="Header Files\Logging">
      <UniqueIdentifier>{4295bdbb-4ab2-43a1-a50e-90429338258d}</UniqueIdentifier>
    </Filter>
  </ItemGroup>
  <ItemGroup>
    <ClInclude Include="Locator.h">
      <Filter>Header Files</Filter>
    </ClInclude>
    <ClInclude Include="Audio\Audio.h">
      <Filter>Header Files\Audio</Filter>
    </ClInclude>
    <ClInclude Include="Audio\AudioPlayer.h">
      <Filter>Header Files\Audio</Filter>
    </ClInclude>
    <ClInclude Include="DesktopAudioPlayer.h">
      <Filter>Header Files\Audio</Filter>
    </ClInclude>
    <ClInclude Include="FileSystem.h">
      <Filter>Header Files\File</Filter>
    </ClInclude>
    <ClInclude Include="DesktopFileSystem.h">
      <Filter>Header Files\File</Filter>
    </ClInclude>
    <ClInclude Include="File.h">
      <Filter>Header Files\File</Filter>
    </ClInclude>
    <ClInclude Include="NullAudioPlayer.h">
      <Filter>Header Files\Audio</Filter>
    </ClInclude>
    <ClInclude Include="NullFileSystem.h">
      <Filter>Header Files\File</Filter>
    </ClInclude>
    <ClInclude Include="Logger.h">
      <Filter>Header Files\Logging</Filter>
    </ClInclude>
  </ItemGroup>
  <ItemGroup>
    <ClCompile Include="Locator.cpp">
      <Filter>Source Files</Filter>
    </ClCompile>
    <ClCompile Include="DesktopAudioPlayer.cpp">
      <Filter>Source Files\Audio</Filter>
    </ClCompile>
    <ClCompile Include="DesktopFileSystem.cpp">
      <Filter>Source Files\File</Filter>
    </ClCompile>
  </ItemGroup>
</Project>