
Microsoft Visual Studio Solution File, Format Version 12.00
# Visual Studio 15
VisualStudioVersion = 15.0.28307.102
MinimumVisualStudioVersion = 10.0.40219.1
Project("{8BC9CEB8-8B4A-11D0-8D11-00A0C91BC942}") = "Avalon", "Avalon\Avalon.vcxproj", "{513ECE75-0BEF-46EB-894D-244917A6F6B6}"
EndProject
Project("{8BC9CEB8-8B4A-11D0-8D11-00A0C91BC942}") = "Core", "Core\Core.vcxproj", "{9DBD5BEE-2D09-4A22-AB27-9828E230BE8F}"
EndProject
Project("{8BC9CEB8-8B4A-11D0-8D11-00A0C91BC942}") = "Engine", "Engine\Engine.vcxproj", "{E68E6B33-EB82-4166-B1E6-CED711119C42}"
EndProject
Project("{8BC9CEB8-8B4A-11D0-8D11-00A0C91BC942}") = "Game", "Game\Game.vcxproj", "{1686DC8A-7653-403B-8940-0FBF26D1A0FD}"
EndProject
Project("{8BC9CEB8-8B4A-11D0-8D11-00A0C91BC942}") = "UI", "UI\UI.vcxproj", "{EB4A440A-0374-4715-B1B2-1412F3DCA4CB}"
EndProject
Project("{8BC9CEB8-8B4A-11D0-8D11-00A0C91BC942}") = "Math", "Math\Math.vcxproj", "{06184A67-38A6-43D5-843A-852E1AFD3329}"
EndProject
Global
	GlobalSection(SolutionConfigurationPlatforms) = preSolution
		Debug|x64 = Debug|x64
		Release|x64 = Release|x64
	EndGlobalSection
	GlobalSection(ProjectConfigurationPlatforms) = postSolution
		{513ECE75-0BEF-46EB-894D-244917A6F6B6}.Debug|x64.ActiveCfg = Debug|x64
		{513ECE75-0BEF-46EB-894D-244917A6F6B6}.Debug|x64.Build.0 = Debug|x64
		{513ECE75-0BEF-46EB-894D-244917A6F6B6}.Release|x64.ActiveCfg = Debug|x64
		{513ECE75-0BEF-46EB-894D-244917A6F6B6}.Release|x64.Build.0 = Debug|x64
		{9DBD5BEE-2D09-4A22-AB27-9828E230BE8F}.Debug|x64.ActiveCfg = Debug|x64
		{9DBD5BEE-2D09-4A22-AB27-9828E230BE8F}.Debug|x64.Build.0 = Debug|x64
		{9DBD5BEE-2D09-4A22-AB27-9828E230BE8F}.Release|x64.ActiveCfg = Release|x64
		{9DBD5BEE-2D09-4A22-AB27-9828E230BE8F}.Release|x64.Build.0 = Release|x64
		{E68E6B33-EB82-4166-B1E6-CED711119C42}.Debug|x64.ActiveCfg = Debug|x64
		{E68E6B33-EB82-4166-B1E6-CED711119C42}.Debug|x64.Build.0 = Debug|x64
		{E68E6B33-EB82-4166-B1E6-CED711119C42}.Release|x64.ActiveCfg = Release|x64
		{E68E6B33-EB82-4166-B1E6-CED711119C42}.Release|x64.Build.0 = Release|x64
		{1686DC8A-7653-403B-8940-0FBF26D1A0FD}.Debug|x64.ActiveCfg = Debug|x64
		{1686DC8A-7653-403B-8940-0FBF26D1A0FD}.Debug|x64.Build.0 = Debug|x64
		{1686DC8A-7653-403B-8940-0FBF26D1A0FD}.Release|x64.ActiveCfg = Release|x64
		{1686DC8A-7653-403B-8940-0FBF26D1A0FD}.Release|x64.Build.0 = Release|x64
		{EB4A440A-0374-4715-B1B2-1412F3DCA4CB}.Debug|x64.ActiveCfg = Debug|x64
		{EB4A440A-0374-4715-B1B2-1412F3DCA4CB}.Debug|x64.Build.0 = Debug|x64
		{EB4A440A-0374-4715-B1B2-1412F3DCA4CB}.Release|x64.ActiveCfg = Release|x64
		{EB4A440A-0374-4715-B1B2-1412F3DCA4CB}.Release|x64.Build.0 = Release|x64
		{06184A67-38A6-43D5-843A-852E1AFD3329}.Debug|x64.ActiveCfg = Debug|x64
		{06184A67-38A6-43D5-843A-852E1AFD3329}.Debug|x64.Build.0 = Debug|x64
		{06184A67-38A6-43D5-843A-852E1AFD3329}.Release|x64.ActiveCfg = Release|x64
		{06184A67-38A6-43D5-843A-852E1AFD3329}.Release|x64.Build.0 = Release|x64
	EndGlobalSection
	GlobalSection(SolutionProperties) = preSolution
		HideSolutionNode = FALSE
	EndGlobalSection
	GlobalSection(ExtensibilityGlobals) = postSolution
		SolutionGuid = {6660261B-ADDA-4CCD-BA13-674FB7094CCC}
	EndGlobalSection
EndGlobal
